
Microsoft Visual Studio Solution File, Format Version 12.00
# Visual Studio Version 17
VisualStudioVersion = 17.4.33213.308
MinimumVisualStudioVersion = 10.0.40219.1
Project("{FAE04EC0-301F-11D3-BF4B-00C04F79EFBC}") = "WindowsFormsApp3", "WindowsFormsApp3.csproj", "{4F120944-018D-4D35-A625-FEBCBB870733}"
EndProject
Global
	GlobalSection(SolutionConfigurationPlatforms) = preSolution
		Debug|Any CPU = Debug|Any CPU
		Release|Any CPU = Release|Any CPU
	EndGlobalSection
	GlobalSection(ProjectConfigurationPlatforms) = postSolution
		{4F120944-018D-4D35-A625-FEBCBB870733}.Debug|Any CPU.ActiveCfg = Debug|Any CPU
		{4F120944-018D-4D35-A625-FEBCBB870733}.Debug|Any CPU.Build.0 = Debug|Any CPU
		{4F120944-018D-4D35-A625-FEBCBB870733}.Release|Any CPU.ActiveCfg = Release|Any CPU
		{4F120944-018D-4D35-A625-FEBCBB870733}.Release|Any CPU.Build.0 = Release|Any CPU
	EndGlobalSection
	GlobalSection(SolutionProperties) = preSolution
		HideSolutionNode = FALSE
	EndGlobalSection
	GlobalSection(ExtensibilityGlobals) = postSolution
		SolutionGuid = {FE7CB0E2-EB06-417E-AF73-58006A0512A2}
	EndGlobalSection
EndGlobal
